
Microsoft Visual Studio Solution File, Format Version 12.00
# Visual Studio Version 17
VisualStudioVersion = 17.0.31903.59
MinimumVisualStudioVersion = 10.0.40219.1
Project("{FAE04EC0-301F-11D3-BF4B-00C04F79EFBC}") = "Backend", "Backend\Backend.csproj", "{016BD547-5470-4F71-BB4E-142C7AD19DB3}"
EndProject
Project("{FAE04EC0-301F-11D3-BF4B-00C04F79EFBC}") = "Shared", "Shared\Shared.csproj", "{6022C3B9-E84C-413F-8FE1-8DE4BE206528}"
EndProject
Project("{FAE04EC0-301F-11D3-BF4B-00C04F79EFBC}") = "Frontend", "Frontend\Frontend.csproj", "{45ED6B9A-9A2B-412D-A514-641B9677AF2A}"
EndProject
Global
	GlobalSection(SolutionConfigurationPlatforms) = preSolution
		Debug|Any CPU = Debug|Any CPU
		Release|Any CPU = Release|Any CPU
	EndGlobalSection
	GlobalSection(SolutionProperties) = preSolution
		HideSolutionNode = FALSE
	EndGlobalSection
	GlobalSection(ProjectConfigurationPlatforms) = postSolution
		{016BD547-5470-4F71-BB4E-142C7AD19DB3}.Debug|Any CPU.ActiveCfg = Debug|Any CPU
		{016BD547-5470-4F71-BB4E-142C7AD19DB3}.Debug|Any CPU.Build.0 = Debug|Any CPU
		{016BD547-5470-4F71-BB4E-142C7AD19DB3}.Release|Any CPU.ActiveCfg = Release|Any CPU
		{016BD547-5470-4F71-BB4E-142C7AD19DB3}.Release|Any CPU.Build.0 = Release|Any CPU
		{6022C3B9-E84C-413F-8FE1-8DE4BE206528}.Debug|Any CPU.ActiveCfg = Debug|Any CPU
		{6022C3B9-E84C-413F-8FE1-8DE4BE206528}.Debug|Any CPU.Build.0 = Debug|Any CPU
		{6022C3B9-E84C-413F-8FE1-8DE4BE206528}.Release|Any CPU.ActiveCfg = Release|Any CPU
		{6022C3B9-E84C-413F-8FE1-8DE4BE206528}.Release|Any CPU.Build.0 = Release|Any CPU
		{45ED6B9A-9A2B-412D-A514-641B9677AF2A}.Debug|Any CPU.ActiveCfg = Debug|Any CPU
		{45ED6B9A-9A2B-412D-A514-641B9677AF2A}.Debug|Any CPU.Build.0 = Debug|Any CPU
		{45ED6B9A-9A2B-412D-A514-641B9677AF2A}.Release|Any CPU.ActiveCfg = Release|Any CPU
		{45ED6B9A-9A2B-412D-A514-641B9677AF2A}.Release|Any CPU.Build.0 = Release|Any CPU
	EndGlobalSection
EndGlobal
